// !$*UTF8*$!
{
	archiveVersion = 1;
	classes = {
	};
	objectVersion = 56;
	objects = {

/* Begin PBXBuildFile section */
		D110FB78298FD57100D6B1A1 /* WeatherApp.swift in Sources */ = {isa = PBXBuildFile; fileRef = D110FB77298FD57100D6B1A1 /* WeatherApp.swift */; };
		D110FB81298FD57200D6B1A1 /* Assets.xcassets in Resources */ = {isa = PBXBuildFile; fileRef = D110FB80298FD57200D6B1A1 /* Assets.xcassets */; };
		D1207405299ADB5200F4F32F /* HomeView.swift in Sources */ = {isa = PBXBuildFile; fileRef = D1207404299ADB5200F4F32F /* HomeView.swift */; };
		D1207407299ADB9E00F4F32F /* WelcomeView.swift in Sources */ = {isa = PBXBuildFile; fileRef = D1207406299ADB9E00F4F32F /* WelcomeView.swift */; };
		D1207409299ADBBD00F4F32F /* LoadingView.swift in Sources */ = {isa = PBXBuildFile; fileRef = D1207408299ADBBD00F4F32F /* LoadingView.swift */; };
		D120740B299ADBDC00F4F32F /* WeatherView.swift in Sources */ = {isa = PBXBuildFile; fileRef = D120740A299ADBDC00F4F32F /* WeatherView.swift */; };
		D120740E299ADC0F00F4F32F /* WeatherRow.swift in Sources */ = {isa = PBXBuildFile; fileRef = D120740D299ADC0F00F4F32F /* WeatherRow.swift */; };
		D1207411299ADC6100F4F32F /* WeatherManager.swift in Sources */ = {isa = PBXBuildFile; fileRef = D1207410299ADC6100F4F32F /* WeatherManager.swift */; };
		D1207413299ADC7B00F4F32F /* LocationManager.swift in Sources */ = {isa = PBXBuildFile; fileRef = D1207412299ADC7B00F4F32F /* LocationManager.swift */; };
		D1207416299ADCAE00F4F32F /* Double.swift in Sources */ = {isa = PBXBuildFile; fileRef = D1207415299ADCAE00F4F32F /* Double.swift */; };
		D1207418299ADCBB00F4F32F /* View.swift in Sources */ = {isa = PBXBuildFile; fileRef = D1207417299ADCBB00F4F32F /* View.swift */; };
		D120741B299ADDA400F4F32F /* ModelData.swift in Sources */ = {isa = PBXBuildFile; fileRef = D120741A299ADDA400F4F32F /* ModelData.swift */; };
		D120741D299ADDD400F4F32F /* weatherData.json in Resources */ = {isa = PBXBuildFile; fileRef = D120741C299ADDD400F4F32F /* weatherData.json */; };
/* End PBXBuildFile section */

/* Begin PBXFileReference section */
		D110FB74298FD57100D6B1A1 /* Weather.app */ = {isa = PBXFileReference; explicitFileType = wrapper.application; includeInIndex = 0; path = Weather.app; sourceTree = BUILT_PRODUCTS_DIR; };
		D110FB77298FD57100D6B1A1 /* WeatherApp.swift */ = {isa = PBXFileReference; lastKnownFileType = sourcecode.swift; path = WeatherApp.swift; sourceTree = "<group>"; };
		D110FB80298FD57200D6B1A1 /* Assets.xcassets */ = {isa = PBXFileReference; lastKnownFileType = folder.assetcatalog; path = Assets.xcassets; sourceTree = "<group>"; };
		D1207404299ADB5200F4F32F /* HomeView.swift */ = {isa = PBXFileReference; lastKnownFileType = sourcecode.swift; path = HomeView.swift; sourceTree = "<group>"; };
		D1207406299ADB9E00F4F32F /* WelcomeView.swift */ = {isa = PBXFileReference; lastKnownFileType = sourcecode.swift; path = WelcomeView.swift; sourceTree = "<group>"; };
		D1207408299ADBBD00F4F32F /* LoadingView.swift */ = {isa = PBXFileReference; lastKnownFileType = sourcecode.swift; path = LoadingView.swift; sourceTree = "<group>"; };
		D120740A299ADBDC00F4F32F /* WeatherView.swift */ = {isa = PBXFileReference; lastKnownFileType = sourcecode.swift; path = WeatherView.swift; sourceTree = "<group>"; };
		D120740D299ADC0F00F4F32F /* WeatherRow.swift */ = {isa = PBXFileReference; lastKnownFileType = sourcecode.swift; path = WeatherRow.swift; sourceTree = "<group>"; };
		D1207410299ADC6100F4F32F /* WeatherManager.swift */ = {isa = PBXFileReference; lastKnownFileType = sourcecode.swift; path = WeatherManager.swift; sourceTree = "<group>"; };
		D1207412299ADC7B00F4F32F /* LocationManager.swift */ = {isa = PBXFileReference; lastKnownFileType = sourcecode.swift; path = LocationManager.swift; sourceTree = "<group>"; };
		D1207415299ADCAE00F4F32F /* Double.swift */ = {isa = PBXFileReference; lastKnownFileType = sourcecode.swift; path = Double.swift; sourceTree = "<group>"; };
		D1207417299ADCBB00F4F32F /* View.swift */ = {isa = PBXFileReference; lastKnownFileType = sourcecode.swift; path = View.swift; sourceTree = "<group>"; };
		D120741A299ADDA400F4F32F /* ModelData.swift */ = {isa = PBXFileReference; lastKnownFileType = sourcecode.swift; path = ModelData.swift; sourceTree = "<group>"; };
		D120741C299ADDD400F4F32F /* weatherData.json */ = {isa = PBXFileReference; lastKnownFileType = text.json; path = weatherData.json; sourceTree = "<group>"; };
/* End PBXFileReference section */

/* Begin PBXFrameworksBuildPhase section */
		D110FB71298FD57100D6B1A1 /* Frameworks */ = {
			isa = PBXFrameworksBuildPhase;
			buildActionMask = 2147483647;
			files = (
			);
			runOnlyForDeploymentPostprocessing = 0;
		};
/* End PBXFrameworksBuildPhase section */

/* Begin PBXGroup section */
		D110FB6B298FD57100D6B1A1 = {
			isa = PBXGroup;
			children = (
				D110FB76298FD57100D6B1A1 /* Weather */,
				D110FB75298FD57100D6B1A1 /* Products */,
			);
			sourceTree = "<group>";
		};
		D110FB75298FD57100D6B1A1 /* Products */ = {
			isa = PBXGroup;
			children = (
				D110FB74298FD57100D6B1A1 /* Weather.app */,
			);
			name = Products;
			sourceTree = "<group>";
		};
		D110FB76298FD57100D6B1A1 /* Weather */ = {
			isa = PBXGroup;
			children = (
				D110FB77298FD57100D6B1A1 /* WeatherApp.swift */,
				D110FB8C298FD58500D6B1A1 /* Views */,
				D120740F299ADC2900F4F32F /* Managers */,
				D1207414299ADC9300F4F32F /* Extensions */,
				D1207419299ADD6500F4F32F /* Preview content */,
			);
			path = Weather;
			sourceTree = "<group>";
		};
		D110FB8C298FD58500D6B1A1 /* Views */ = {
			isa = PBXGroup;
			children = (
				D1207404299ADB5200F4F32F /* HomeView.swift */,
				D1207406299ADB9E00F4F32F /* WelcomeView.swift */,
				D1207408299ADBBD00F4F32F /* LoadingView.swift */,
				D120740A299ADBDC00F4F32F /* WeatherView.swift */,
				D120740C299ADBFA00F4F32F /* Components */,
			);
			path = Views;
			sourceTree = "<group>";
		};
		D120740C299ADBFA00F4F32F /* Components */ = {
			isa = PBXGroup;
			children = (
				D120740D299ADC0F00F4F32F /* WeatherRow.swift */,
			);
			path = Components;
			sourceTree = "<group>";
		};
		D120740F299ADC2900F4F32F /* Managers */ = {
			isa = PBXGroup;
			children = (
				D1207410299ADC6100F4F32F /* WeatherManager.swift */,
				D1207412299ADC7B00F4F32F /* LocationManager.swift */,
			);
			path = Managers;
			sourceTree = "<group>";
		};
		D1207414299ADC9300F4F32F /* Extensions */ = {
			isa = PBXGroup;
			children = (
				D1207415299ADCAE00F4F32F /* Double.swift */,
				D1207417299ADCBB00F4F32F /* View.swift */,
			);
			path = Extensions;
			sourceTree = "<group>";
		};
		D1207419299ADD6500F4F32F /* Preview content */ = {
			isa = PBXGroup;
			children = (
				D110FB80298FD57200D6B1A1 /* Assets.xcassets */,
				D120741A299ADDA400F4F32F /* ModelData.swift */,
				D120741C299ADDD400F4F32F /* weatherData.json */,
			);
			path = "Preview content";
			sourceTree = "<group>";
		};
/* End PBXGroup section */

/* Begin PBXNativeTarget section */
		D110FB73298FD57100D6B1A1 /* Weather */ = {
			isa = PBXNativeTarget;
			buildConfigurationList = D110FB88298FD57200D6B1A1 /* Build configuration list for PBXNativeTarget "Weather" */;
			buildPhases = (
				D110FB70298FD57100D6B1A1 /* Sources */,
				D110FB71298FD57100D6B1A1 /* Frameworks */,
				D110FB72298FD57100D6B1A1 /* Resources */,
			);
			buildRules = (
			);
			dependencies = (
			);
			name = Weather;
			productName = Weather;
			productReference = D110FB74298FD57100D6B1A1 /* Weather.app */;
			productType = "com.apple.product-type.application";
		};
/* End PBXNativeTarget section */

/* Begin PBXProject section */
		D110FB6C298FD57100D6B1A1 /* Project object */ = {
			isa = PBXProject;
			attributes = {
				BuildIndependentTargetsInParallel = 1;
				LastSwiftUpdateCheck = 1420;
				LastUpgradeCheck = 1420;
				TargetAttributes = {
					D110FB73298FD57100D6B1A1 = {
						CreatedOnToolsVersion = 14.2;
					};
				};
			};
			buildConfigurationList = D110FB6F298FD57100D6B1A1 /* Build configuration list for PBXProject "Weather" */;
			compatibilityVersion = "Xcode 14.0";
			developmentRegion = en;
			hasScannedForEncodings = 0;
			knownRegions = (
				en,
				Base,
			);
			mainGroup = D110FB6B298FD57100D6B1A1;
			productRefGroup = D110FB75298FD57100D6B1A1 /* Products */;
			projectDirPath = "";
			projectRoot = "";
			targets = (
				D110FB73298FD57100D6B1A1 /* Weather */,
			);
		};
/* End PBXProject section */

/* Begin PBXResourcesBuildPhase section */
		D110FB72298FD57100D6B1A1 /* Resources */ = {
			isa = PBXResourcesBuildPhase;
			buildActionMask = 2147483647;
			files = (
				D120741D299ADDD400F4F32F /* weatherData.json in Resources */,
				D110FB81298FD57200D6B1A1 /* Assets.xcassets in Resources */,
			);
			runOnlyForDeploymentPostprocessing = 0;
		};
/* End PBXResourcesBuildPhase section */

/* Begin PBXSourcesBuildPhase section */
		D110FB70298FD57100D6B1A1 /* Sources */ = {
			isa = PBXSourcesBuildPhase;
			buildActionMask = 2147483647;
			files = (
				D1207405299ADB5200F4F32F /* HomeView.swift in Sources */,
				D110FB78298FD57100D6B1A1 /* WeatherApp.swift in Sources */,
				D1207418299ADCBB00F4F32F /* View.swift in Sources */,
				D120740E299ADC0F00F4F32F /* WeatherRow.swift in Sources */,
				D1207411299ADC6100F4F32F /* WeatherManager.swift in Sources */,
				D1207413299ADC7B00F4F32F /* LocationManager.swift in Sources */,
				D120740B299ADBDC00F4F32F /* WeatherView.swift in Sources */,
				D120741B299ADDA400F4F32F /* ModelData.swift in Sources */,
				D1207409299ADBBD00F4F32F /* LoadingView.swift in Sources */,
				D1207416299ADCAE00F4F32F /* Double.swift in Sources */,
				D1207407299ADB9E00F4F32F /* WelcomeView.swift in Sources */,
			);
			runOnlyForDeploymentPostprocessing = 0;
		};
/* End PBXSourcesBuildPhase section */

/* Begin XCBuildConfiguration section */
		D110FB86298FD57200D6B1A1 /* Debug */ = {
			isa = XCBuildConfiguration;
			buildSettings = {
				ALWAYS_SEARCH_USER_PATHS = NO;
				CLANG_ANALYZER_NONNULL = YES;
				CLANG_ANALYZER_NUMBER_OBJECT_CONVERSION = YES_AGGRESSIVE;
				CLANG_CXX_LANGUAGE_STANDARD = "gnu++20";
				CLANG_ENABLE_MODULES = YES;
				CLANG_ENABLE_OBJC_ARC = YES;
				CLANG_ENABLE_OBJC_WEAK = YES;
				CLANG_WARN_BLOCK_CAPTURE_AUTORELEASING = YES;
				CLANG_WARN_BOOL_CONVERSION = YES;
				CLANG_WARN_COMMA = YES;
				CLANG_WARN_CONSTANT_CONVERSION = YES;
				CLANG_WARN_DEPRECATED_OBJC_IMPLEMENTATIONS = YES;
				CLANG_WARN_DIRECT_OBJC_ISA_USAGE = YES_ERROR;
				CLANG_WARN_DOCUMENTATION_COMMENTS = YES;
				CLANG_WARN_EMPTY_BODY = YES;
				CLANG_WARN_ENUM_CONVERSION = YES;
				CLANG_WARN_INFINITE_RECURSION = YES;
				CLANG_WARN_INT_CONVERSION = YES;
				CLANG_WARN_NON_LITERAL_NULL_CONVERSION = YES;
				CLANG_WARN_OBJC_IMPLICIT_RETAIN_SELF = YES;
				CLANG_WARN_OBJC_LITERAL_CONVERSION = YES;
				CLANG_WARN_OBJC_ROOT_CLASS = YES_ERROR;
				CLANG_WARN_QUOTED_INCLUDE_IN_FRAMEWORK_HEADER = YES;
				CLANG_WARN_RANGE_LOOP_ANALYSIS = YES;
				CLANG_WARN_STRICT_PROTOTYPES = YES;
				CLANG_WARN_SUSPICIOUS_MOVE = YES;
				CLANG_WARN_UNGUARDED_AVAILABILITY = YES_AGGRESSIVE;
				CLANG_WARN_UNREACHABLE_CODE = YES;
				CLANG_WARN__DUPLICATE_METHOD_MATCH = YES;
				COPY_PHASE_STRIP = NO;
				DEBUG_INFORMATION_FORMAT = dwarf;
				ENABLE_STRICT_OBJC_MSGSEND = YES;
				ENABLE_TESTABILITY = YES;
				GCC_C_LANGUAGE_STANDARD = gnu11;
				GCC_DYNAMIC_NO_PIC = NO;
				GCC_NO_COMMON_BLOCKS = YES;
				GCC_OPTIMIZATION_LEVEL = 0;
				GCC_PREPROCESSOR_DEFINITIONS = (
					"DEBUG=1",
					"$(inherited)",
				);
				GCC_WARN_64_TO_32_BIT_CONVERSION = YES;
				GCC_WARN_ABOUT_RETURN_TYPE = YES_ERROR;
				GCC_WARN_UNDECLARED_SELECTOR = YES;
				GCC_WARN_UNINITIALIZED_AUTOS = YES_AGGRESSIVE;
				GCC_WARN_UNUSED_FUNCTION = YES;
				GCC_WARN_UNUSED_VARIABLE = YES;
				IPHONEOS_DEPLOYMENT_TARGET = 16.2;
				MTL_ENABLE_DEBUG_INFO = INCLUDE_SOURCE;
				MTL_FAST_MATH = YES;
				ONLY_ACTIVE_ARCH = YES;
				SDKROOT = iphoneos;
				SWIFT_ACTIVE_COMPILATION_CONDITIONS = DEBUG;
				SWIFT_OPTIMIZATION_LEVEL = "-Onone";
			};
			name = Debug;
		};
		D110FB87298FD57200D6B1A1 /* Release */ = {
			isa = XCBuildConfiguration;
			buildSettings = {
				ALWAYS_SEARCH_USER_PATHS = NO;
				CLANG_ANALYZER_NONNULL = YES;
				CLANG_ANALYZER_NUMBER_OBJECT_CONVERSION = YES_AGGRESSIVE;
				CLANG_CXX_LANGUAGE_STANDARD = "gnu++20";
				CLANG_ENABLE_MODULES = YES;
				CLANG_ENABLE_OBJC_ARC = YES;
				CLANG_ENABLE_OBJC_WEAK = YES;
				CLANG_WARN_BLOCK_CAPTURE_AUTORELEASING = YES;
				CLANG_WARN_BOOL_CONVERSION = YES;
				CLANG_WARN_COMMA = YES;
				CLANG_WARN_CONSTANT_CONVERSION = YES;
				CLANG_WARN_DEPRECATED_OBJC_IMPLEMENTATIONS = YES;
				CLANG_WARN_DIRECT_OBJC_ISA_USAGE = YES_ERROR;
				CLANG_WARN_DOCUMENTATION_COMMENTS = YES;
				CLANG_WARN_EMPTY_BODY = YES;
				CLANG_WARN_ENUM_CONVERSION = YES;
				CLANG_WARN_INFINITE_RECURSION = YES;
				CLANG_WARN_INT_CONVERSION = YES;
				CLANG_WARN_NON_LITERAL_NULL_CONVERSION = YES;
				CLANG_WARN_OBJC_IMPLICIT_RETAIN_SELF = YES;
				CLANG_WARN_OBJC_LITERAL_CONVERSION = YES;
				CLANG_WARN_OBJC_ROOT_CLASS = YES_ERROR;
				CLANG_WARN_QUOTED_INCLUDE_IN_FRAMEWORK_HEADER = YES;
				CLANG_WARN_RANGE_LOOP_ANALYSIS = YES;
				CLANG_WARN_STRICT_PROTOTYPES = YES;
				CLANG_WARN_SUSPICIOUS_MOVE = YES;
				CLANG_WARN_UNGUARDED_AVAILABILITY = YES_AGGRESSIVE;
				CLANG_WARN_UNREACHABLE_CODE = YES;
				CLANG_WARN__DUPLICATE_METHOD_MATCH = YES;
				COPY_PHASE_STRIP = NO;
				DEBUG_INFORMATION_FORMAT = "dwarf-with-dsym";
				ENABLE_NS_ASSERTIONS = NO;
				ENABLE_STRICT_OBJC_MSGSEND = YES;
				GCC_C_LANGUAGE_STANDARD = gnu11;
				GCC_NO_COMMON_BLOCKS = YES;
				GCC_WARN_64_TO_32_BIT_CONVERSION = YES;
				GCC_WARN_ABOUT_RETURN_TYPE = YES_ERROR;
				GCC_WARN_UNDECLARED_SELECTOR = YES;
				GCC_WARN_UNINITIALIZED_AUTOS = YES_AGGRESSIVE;
				GCC_WARN_UNUSED_FUNCTION = YES;
				GCC_WARN_UNUSED_VARIABLE = YES;
				IPHONEOS_DEPLOYMENT_TARGET = 16.2;
				MTL_ENABLE_DEBUG_INFO = NO;
				MTL_FAST_MATH = YES;
				SDKROOT = iphoneos;
				SWIFT_COMPILATION_MODE = wholemodule;
				SWIFT_OPTIMIZATION_LEVEL = "-O";
				VALIDATE_PRODUCT = YES;
			};
			name = Release;
		};
		D110FB89298FD57200D6B1A1 /* Debug */ = {
			isa = XCBuildConfiguration;
			buildSettings = {
				ASSETCATALOG_COMPILER_APPICON_NAME = AppIcon;
				ASSETCATALOG_COMPILER_GLOBAL_ACCENT_COLOR_NAME = AccentColor;
				CODE_SIGN_STYLE = Automatic;
				CURRENT_PROJECT_VERSION = 1;
				GENERATE_INFOPLIST_FILE = YES;
				INFOPLIST_FILE = Weather/Info.plist;
				INFOPLIST_KEY_UIApplicationSupportsIndirectInputEvents = YES;
				INFOPLIST_KEY_UILaunchStoryboardName = LaunchScreen;
				INFOPLIST_KEY_UISupportedInterfaceOrientations_iPad = "UIInterfaceOrientationPortrait UIInterfaceOrientationPortraitUpsideDown UIInterfaceOrientationLandscapeLeft UIInterfaceOrientationLandscapeRight";
				INFOPLIST_KEY_UISupportedInterfaceOrientations_iPhone = "UIInterfaceOrientationPortrait UIInterfaceOrientationLandscapeLeft UIInterfaceOrientationLandscapeRight";
				LD_RUNPATH_SEARCH_PATHS = (
					"$(inherited)",
					"@executable_path/Frameworks",
				);
				MARKETING_VERSION = 1.0;
				PRODUCT_BUNDLE_IDENTIFIER = com.Weather;
				PRODUCT_NAME = "$(TARGET_NAME)";
				SWIFT_EMIT_LOC_STRINGS = YES;
				SWIFT_VERSION = 5.0;
				TARGETED_DEVICE_FAMILY = "1,2";
			};
			name = Debug;
		};
		D110FB8A298FD57200D6B1A1 /* Release */ = {
			isa = XCBuildConfiguration;
			buildSettings = {
				ASSETCATALOG_COMPILER_APPICON_NAME = AppIcon;
				ASSETCATALOG_COMPILER_GLOBAL_ACCENT_COLOR_NAME = AccentColor;
				CODE_SIGN_STYLE = Automatic;
				CURRENT_PROJECT_VERSION = 1;
				GENERATE_INFOPLIST_FILE = YES;
				INFOPLIST_FILE = Weather/Info.plist;
				INFOPLIST_KEY_UIApplicationSupportsIndirectInputEvents = YES;
				INFOPLIST_KEY_UILaunchStoryboardName = LaunchScreen;
				INFOPLIST_KEY_UISupportedInterfaceOrientations_iPad = "UIInterfaceOrientationPortrait UIInterfaceOrientationPortraitUpsideDown UIInterfaceOrientationLandscapeLeft UIInterfaceOrientationLandscapeRight";
				INFOPLIST_KEY_UISupportedInterfaceOrientations_iPhone = "UIInterfaceOrientationPortrait UIInterfaceOrientationLandscapeLeft UIInterfaceOrientationLandscapeRight";
				LD_RUNPATH_SEARCH_PATHS = (
					"$(inherited)",
					"@executable_path/Frameworks",
				);
				MARKETING_VERSION = 1.0;
				PRODUCT_BUNDLE_IDENTIFIER = com.Weather;
				PRODUCT_NAME = "$(TARGET_NAME)";
				SWIFT_EMIT_LOC_STRINGS = YES;
				SWIFT_VERSION = 5.0;
				TARGETED_DEVICE_FAMILY = "1,2";
			};
			name = Release;
		};
/* End XCBuildConfiguration section */

/* Begin XCConfigurationList section */
		D110FB6F298FD57100D6B1A1 /* Build configuration list for PBXProject "Weather" */ = {
			isa = XCConfigurationList;
			buildConfigurations = (
				D110FB86298FD57200D6B1A1 /* Debug */,
				D110FB87298FD57200D6B1A1 /* Release */,
			);
			defaultConfigurationIsVisible = 0;
			defaultConfigurationName = Release;
		};
		D110FB88298FD57200D6B1A1 /* Build configuration list for PBXNativeTarget "Weather" */ = {
			isa = XCConfigurationList;
			buildConfigurations = (
				D110FB89298FD57200D6B1A1 /* Debug */,
				D110FB8A298FD57200D6B1A1 /* Release */,
			);
			defaultConfigurationIsVisible = 0;
			defaultConfigurationName = Release;
		};
/* End XCConfigurationList section */
	};
	rootObject = D110FB6C298FD57100D6B1A1 /* Project object */;
}
